# THIS IS AN AUTOGENERATED FILE. DO NOT EDIT THIS FILE DIRECTLY.
# yarn lockfile v1


"@netlify/edge-functions@^2.10.0":
  version "2.10.0"
  resolved "https://registry.yarnpkg.com/@netlify/edge-functions/-/edge-functions-2.10.0.tgz#2fe7550712155d1711f019a8d280a0afeb3e29d9"
  integrity sha512-toDBus02KyXTeErqXh9mFjH5ocGwSDO8w9q1TkSincqExtm8TMITg3iXr4/SPKE17nKt+olsEuIry5hyM8OJBQ==
